// !$*UTF8*$!
{
	archiveVersion = 1;
	classes = {
	};
	objectVersion = 50;
	objects = {

/* Begin PBXBuildFile section */
		8C2CC4AB26356CF500A67369 /* AppDelegate.swift in Sources */ = {isa = PBXBuildFile; fileRef = 8C2CC4AA26356CF500A67369 /* AppDelegate.swift */; };
		8C2CC4AD26356CF500A67369 /* SceneDelegate.swift in Sources */ = {isa = PBXBuildFile; fileRef = 8C2CC4AC26356CF500A67369 /* SceneDelegate.swift */; };
		8C2CC4AF26356CF500A67369 /* ViewController.swift in Sources */ = {isa = PBXBuildFile; fileRef = 8C2CC4AE26356CF500A67369 /* ViewController.swift */; };
		8C2CC4B226356CF500A67369 /* Main.storyboard in Resources */ = {isa = PBXBuildFile; fileRef = 8C2CC4B026356CF500A67369 /* Main.storyboard */; };
		8C2CC4B426356CF600A67369 /* Assets.xcassets in Resources */ = {isa = PBXBuildFile; fileRef = 8C2CC4B326356CF600A67369 /* Assets.xcassets */; };
		8C2CC4B726356CF600A67369 /* LaunchScreen.storyboard in Resources */ = {isa = PBXBuildFile; fileRef = 8C2CC4B526356CF600A67369 /* LaunchScreen.storyboard */; };
		8C975CFE263E3C620039FA76 /* Constants.swift in Sources */ = {isa = PBXBuildFile; fileRef = 8C975CFD263E3C620039FA76 /* Constants.swift */; };
		8C975D00263E40480039FA76 /* Video.swift in Sources */ = {isa = PBXBuildFile; fileRef = 8C975CFF263E40480039FA76 /* Video.swift */; };
		8C975D02263E40830039FA76 /* Model.swift in Sources */ = {isa = PBXBuildFile; fileRef = 8C975D01263E40830039FA76 /* Model.swift */; };
		8C975D04263E47230039FA76 /* ConstantsTemplate.swift in Sources */ = {isa = PBXBuildFile; fileRef = 8C975D03263E47230039FA76 /* ConstantsTemplate.swift */; };
/* End PBXBuildFile section */

/* Begin PBXFileReference section */
		8C2CC4A726356CF500A67369 /* youtubeIOS.app */ = {isa = PBXFileReference; explicitFileType = wrapper.application; includeInIndex = 0; path = youtubeIOS.app; sourceTree = BUILT_PRODUCTS_DIR; };
		8C2CC4AA26356CF500A67369 /* AppDelegate.swift */ = {isa = PBXFileReference; lastKnownFileType = sourcecode.swift; path = AppDelegate.swift; sourceTree = "<group>"; };
		8C2CC4AC26356CF500A67369 /* SceneDelegate.swift */ = {isa = PBXFileReference; lastKnownFileType = sourcecode.swift; path = SceneDelegate.swift; sourceTree = "<group>"; };
		8C2CC4AE26356CF500A67369 /* ViewController.swift */ = {isa = PBXFileReference; lastKnownFileType = sourcecode.swift; path = ViewController.swift; sourceTree = "<group>"; };
		8C2CC4B126356CF500A67369 /* Base */ = {isa = PBXFileReference; lastKnownFileType = file.storyboard; name = Base; path = Base.lproj/Main.storyboard; sourceTree = "<group>"; };
		8C2CC4B326356CF600A67369 /* Assets.xcassets */ = {isa = PBXFileReference; lastKnownFileType = folder.assetcatalog; path = Assets.xcassets; sourceTree = "<group>"; };
		8C2CC4B626356CF600A67369 /* Base */ = {isa = PBXFileReference; lastKnownFileType = file.storyboard; name = Base; path = Base.lproj/LaunchScreen.storyboard; sourceTree = "<group>"; };
		8C2CC4B826356CF600A67369 /* Info.plist */ = {isa = PBXFileReference; lastKnownFileType = text.plist.xml; path = Info.plist; sourceTree = "<group>"; };
		8C975CFD263E3C620039FA76 /* Constants.swift */ = {isa = PBXFileReference; lastKnownFileType = sourcecode.swift; path = Constants.swift; sourceTree = "<group>"; };
		8C975CFF263E40480039FA76 /* Video.swift */ = {isa = PBXFileReference; lastKnownFileType = sourcecode.swift; path = Video.swift; sourceTree = "<group>"; };
		8C975D01263E40830039FA76 /* Model.swift */ = {isa = PBXFileReference; lastKnownFileType = sourcecode.swift; path = Model.swift; sourceTree = "<group>"; };
		8C975D03263E47230039FA76 /* ConstantsTemplate.swift */ = {isa = PBXFileReference; lastKnownFileType = sourcecode.swift; path = ConstantsTemplate.swift; sourceTree = "<group>"; };
/* End PBXFileReference section */

/* Begin PBXFrameworksBuildPhase section */
		8C2CC4A426356CF500A67369 /* Frameworks */ = {
			isa = PBXFrameworksBuildPhase;
			buildActionMask = 2147483647;
			files = (
			);
			runOnlyForDeploymentPostprocessing = 0;
		};
/* End PBXFrameworksBuildPhase section */

/* Begin PBXGroup section */
		8C2CC49E26356CF500A67369 = {
			isa = PBXGroup;
			children = (
				8C2CC4A926356CF500A67369 /* youtubeIOS */,
				8C2CC4A826356CF500A67369 /* Products */,
			);
			sourceTree = "<group>";
		};
		8C2CC4A826356CF500A67369 /* Products */ = {
			isa = PBXGroup;
			children = (
				8C2CC4A726356CF500A67369 /* youtubeIOS.app */,
			);
			name = Products;
			sourceTree = "<group>";
		};
		8C2CC4A926356CF500A67369 /* youtubeIOS */ = {
			isa = PBXGroup;
			children = (
				8C2CC4AA26356CF500A67369 /* AppDelegate.swift */,
				8C2CC4AC26356CF500A67369 /* SceneDelegate.swift */,
				8C2CC4AE26356CF500A67369 /* ViewController.swift */,
				8C2CC4B026356CF500A67369 /* Main.storyboard */,
				8C2CC4B326356CF600A67369 /* Assets.xcassets */,
				8C2CC4B526356CF600A67369 /* LaunchScreen.storyboard */,
				8C2CC4B826356CF600A67369 /* Info.plist */,
				8C975CFD263E3C620039FA76 /* Constants.swift */,
				8C975D03263E47230039FA76 /* ConstantsTemplate.swift */,
				8C975CFF263E40480039FA76 /* Video.swift */,
				8C975D01263E40830039FA76 /* Model.swift */,
			);
			path = youtubeIOS;
			sourceTree = "<group>";
		};
/* End PBXGroup section */

/* Begin PBXNativeTarget section */
		8C2CC4A626356CF500A67369 /* youtubeIOS */ = {
			isa = PBXNativeTarget;
			buildConfigurationList = 8C2CC4BB26356CF600A67369 /* Build configuration list for PBXNativeTarget "youtubeIOS" */;
			buildPhases = (
				8C2CC4A326356CF500A67369 /* Sources */,
				8C2CC4A426356CF500A67369 /* Frameworks */,
				8C2CC4A526356CF500A67369 /* Resources */,
			);
			buildRules = (
			);
			dependencies = (
			);
			name = youtubeIOS;
			productName = youtubeIOS;
			productReference = 8C2CC4A726356CF500A67369 /* youtubeIOS.app */;
			productType = "com.apple.product-type.application";
		};
/* End PBXNativeTarget section */

/* Begin PBXProject section */
		8C2CC49F26356CF500A67369 /* Project object */ = {
			isa = PBXProject;
			attributes = {
				LastSwiftUpdateCheck = 1240;
				LastUpgradeCheck = 1240;
				TargetAttributes = {
					8C2CC4A626356CF500A67369 = {
						CreatedOnToolsVersion = 12.4;
					};
				};
			};
			buildConfigurationList = 8C2CC4A226356CF500A67369 /* Build configuration list for PBXProject "youtubeIOS" */;
			compatibilityVersion = "Xcode 9.3";
			developmentRegion = en;
			hasScannedForEncodings = 0;
			knownRegions = (
				en,
				Base,
			);
			mainGroup = 8C2CC49E26356CF500A67369;
			productRefGroup = 8C2CC4A826356CF500A67369 /* Products */;
			projectDirPath = "";
			projectRoot = "";
			targets = (
				8C2CC4A626356CF500A67369 /* youtubeIOS */,
			);
		};
/* End PBXProject section */

/* Begin PBXResourcesBuildPhase section */
		8C2CC4A526356CF500A67369 /* Resources */ = {
			isa = PBXResourcesBuildPhase;
			buildActionMask = 2147483647;
			files = (
				8C2CC4B726356CF600A67369 /* LaunchScreen.storyboard in Resources */,
				8C2CC4B426356CF600A67369 /* Assets.xcassets in Resources */,
				8C2CC4B226356CF500A67369 /* Main.storyboard in Resources */,
			);
			runOnlyForDeploymentPostprocessing = 0;
		};
/* End PBXResourcesBuildPhase section */

/* Begin PBXSourcesBuildPhase section */
		8C2CC4A326356CF500A67369 /* Sources */ = {
			isa = PBXSourcesBuildPhase;
			buildActionMask = 2147483647;
			files = (
				8C975D04263E47230039FA76 /* ConstantsTemplate.swift in Sources */,
				8C2CC4AF26356CF500A67369 /* ViewController.swift in Sources */,
				8C2CC4AB26356CF500A67369 /* AppDelegate.swift in Sources */,
				8C2CC4AD26356CF500A67369 /* SceneDelegate.swift in Sources */,
				8C975D02263E40830039FA76 /* Model.swift in Sources */,
				8C975CFE263E3C620039FA76 /* Constants.swift in Sources */,
				8C975D00263E40480039FA76 /* Video.swift in Sources */,
			);
			runOnlyForDeploymentPostprocessing = 0;
		};
/* End PBXSourcesBuildPhase section */

/* Begin PBXVariantGroup section */
		8C2CC4B026356CF500A67369 /* Main.storyboard */ = {
			isa = PBXVariantGroup;
			children = (
				8C2CC4B126356CF500A67369 /* Base */,
			);
			name = Main.storyboard;
			sourceTree = "<group>";
		};
		8C2CC4B526356CF600A67369 /* LaunchScreen.storyboard */ = {
			isa = PBXVariantGroup;
			children = (
				8C2CC4B626356CF600A67369 /* Base */,
			);
			name = LaunchScreen.storyboard;
			sourceTree = "<group>";
		};
/* End PBXVariantGroup section */

/* Begin XCBuildConfiguration section */
		8C2CC4B926356CF600A67369 /* Debug */ = {
			isa = XCBuildConfiguration;
			buildSettings = {
				ALWAYS_SEARCH_USER_PATHS = NO;
				CLANG_ANALYZER_NONNULL = YES;
				CLANG_ANALYZER_NUMBER_OBJECT_CONVERSION = YES_AGGRESSIVE;
				CLANG_CXX_LANGUAGE_STANDARD = "gnu++14";
				CLANG_CXX_LIBRARY = "libc++";
				CLANG_ENABLE_MODULES = YES;
				CLANG_ENABLE_OBJC_ARC = YES;
				CLANG_ENABLE_OBJC_WEAK = YES;
				CLANG_WARN_BLOCK_CAPTURE_AUTORELEASING = YES;
				CLANG_WARN_BOOL_CONVERSION = YES;
				CLANG_WARN_COMMA = YES;
				CLANG_WARN_CONSTANT_CONVERSION = YES;
				CLANG_WARN_DEPRECATED_OBJC_IMPLEMENTATIONS = YES;
				CLANG_WARN_DIRECT_OBJC_ISA_USAGE = YES_ERROR;
				CLANG_WARN_DOCUMENTATION_COMMENTS = YES;
				CLANG_WARN_EMPTY_BODY = YES;
				CLANG_WARN_ENUM_CONVERSION = YES;
				CLANG_WARN_INFINITE_RECURSION = YES;
				CLANG_WARN_INT_CONVERSION = YES;
				CLANG_WARN_NON_LITERAL_NULL_CONVERSION = YES;
				CLANG_WARN_OBJC_IMPLICIT_RETAIN_SELF = YES;
				CLANG_WARN_OBJC_LITERAL_CONVERSION = YES;
				CLANG_WARN_OBJC_ROOT_CLASS = YES_ERROR;
				CLANG_WARN_QUOTED_INCLUDE_IN_FRAMEWORK_HEADER = YES;
				CLANG_WARN_RANGE_LOOP_ANALYSIS = YES;
				CLANG_WARN_STRICT_PROTOTYPES = YES;
				CLANG_WARN_SUSPICIOUS_MOVE = YES;
				CLANG_WARN_UNGUARDED_AVAILABILITY = YES_AGGRESSIVE;
				CLANG_WARN_UNREACHABLE_CODE = YES;
				CLANG_WARN__DUPLICATE_METHOD_MATCH = YES;
				COPY_PHASE_STRIP = NO;
				DEBUG_INFORMATION_FORMAT = dwarf;
				ENABLE_STRICT_OBJC_MSGSEND = YES;
				ENABLE_TESTABILITY = YES;
				GCC_C_LANGUAGE_STANDARD = gnu11;
				GCC_DYNAMIC_NO_PIC = NO;
				GCC_NO_COMMON_BLOCKS = YES;
				GCC_OPTIMIZATION_LEVEL = 0;
				GCC_PREPROCESSOR_DEFINITIONS = (
					"DEBUG=1",
					"$(inherited)",
				);
				GCC_WARN_64_TO_32_BIT_CONVERSION = YES;
				GCC_WARN_ABOUT_RETURN_TYPE = YES_ERROR;
				GCC_WARN_UNDECLARED_SELECTOR = YES;
				GCC_WARN_UNINITIALIZED_AUTOS = YES_AGGRESSIVE;
				GCC_WARN_UNUSED_FUNCTION = YES;
				GCC_WARN_UNUSED_VARIABLE = YES;
				IPHONEOS_DEPLOYMENT_TARGET = 14.4;
				MTL_ENABLE_DEBUG_INFO = INCLUDE_SOURCE;
				MTL_FAST_MATH = YES;
				ONLY_ACTIVE_ARCH = YES;
				SDKROOT = iphoneos;
				SWIFT_ACTIVE_COMPILATION_CONDITIONS = DEBUG;
				SWIFT_OPTIMIZATION_LEVEL = "-Onone";
			};
			name = Debug;
		};
		8C2CC4BA26356CF600A67369 /* Release */ = {
			isa = XCBuildConfiguration;
			buildSettings = {
				ALWAYS_SEARCH_USER_PATHS = NO;
				CLANG_ANALYZER_NONNULL = YES;
				CLANG_ANALYZER_NUMBER_OBJECT_CONVERSION = YES_AGGRESSIVE;
				CLANG_CXX_LANGUAGE_STANDARD = "gnu++14";
				CLANG_CXX_LIBRARY = "libc++";
				CLANG_ENABLE_MODULES = YES;
				CLANG_ENABLE_OBJC_ARC = YES;
				CLANG_ENABLE_OBJC_WEAK = YES;
				CLANG_WARN_BLOCK_CAPTURE_AUTORELEASING = YES;
				CLANG_WARN_BOOL_CONVERSION = YES;
				CLANG_WARN_COMMA = YES;
				CLANG_WARN_CONSTANT_CONVERSION = YES;
				CLANG_WARN_DEPRECATED_OBJC_IMPLEMENTATIONS = YES;
				CLANG_WARN_DIRECT_OBJC_ISA_USAGE = YES_ERROR;
				CLANG_WARN_DOCUMENTATION_COMMENTS = YES;
				CLANG_WARN_EMPTY_BODY = YES;
				CLANG_WARN_ENUM_CONVERSION = YES;
				CLANG_WARN_INFINITE_RECURSION = YES;
				CLANG_WARN_INT_CONVERSION = YES;
				CLANG_WARN_NON_LITERAL_NULL_CONVERSION = YES;
				CLANG_WARN_OBJC_IMPLICIT_RETAIN_SELF = YES;
				CLANG_WARN_OBJC_LITERAL_CONVERSION = YES;
				CLANG_WARN_OBJC_ROOT_CLASS = YES_ERROR;
				CLANG_WARN_QUOTED_INCLUDE_IN_FRAMEWORK_HEADER = YES;
				CLANG_WARN_RANGE_LOOP_ANALYSIS = YES;
				CLANG_WARN_STRICT_PROTOTYPES = YES;
				CLANG_WARN_SUSPICIOUS_MOVE = YES;
				CLANG_WARN_UNGUARDED_AVAILABILITY = YES_AGGRESSIVE;
				CLANG_WARN_UNREACHABLE_CODE = YES;
				CLANG_WARN__DUPLICATE_METHOD_MATCH = YES;
				COPY_PHASE_STRIP = NO;
				DEBUG_INFORMATION_FORMAT = "dwarf-with-dsym";
				ENABLE_NS_ASSERTIONS = NO;
				ENABLE_STRICT_OBJC_MSGSEND = YES;
				GCC_C_LANGUAGE_STANDARD = gnu11;
				GCC_NO_COMMON_BLOCKS = YES;
				GCC_WARN_64_TO_32_BIT_CONVERSION = YES;
				GCC_WARN_ABOUT_RETURN_TYPE = YES_ERROR;
				GCC_WARN_UNDECLARED_SELECTOR = YES;
				GCC_WARN_UNINITIALIZED_AUTOS = YES_AGGRESSIVE;
				GCC_WARN_UNUSED_FUNCTION = YES;
				GCC_WARN_UNUSED_VARIABLE = YES;
				IPHONEOS_DEPLOYMENT_TARGET = 14.4;
				MTL_ENABLE_DEBUG_INFO = NO;
				MTL_FAST_MATH = YES;
				SDKROOT = iphoneos;
				SWIFT_COMPILATION_MODE = wholemodule;
				SWIFT_OPTIMIZATION_LEVEL = "-O";
				VALIDATE_PRODUCT = YES;
			};
			name = Release;
		};
		8C2CC4BC26356CF600A67369 /* Debug */ = {
			isa = XCBuildConfiguration;
			buildSettings = {
				ASSETCATALOG_COMPILER_APPICON_NAME = AppIcon;
				ASSETCATALOG_COMPILER_GLOBAL_ACCENT_COLOR_NAME = AccentColor;
				CODE_SIGN_STYLE = Automatic;
				DEVELOPMENT_TEAM = Z5CM3J2T89;
				INFOPLIST_FILE = youtubeIOS/Info.plist;
				LD_RUNPATH_SEARCH_PATHS = (
					"$(inherited)",
					"@executable_path/Frameworks",
				);
				PRODUCT_BUNDLE_IDENTIFIER = com.niab.youtubeIOS;
				PRODUCT_NAME = "$(TARGET_NAME)";
				SWIFT_VERSION = 5.0;
				TARGETED_DEVICE_FAMILY = "1,2";
			};
			name = Debug;
		};
		8C2CC4BD26356CF600A67369 /* Release */ = {
			isa = XCBuildConfiguration;
			buildSettings = {
				ASSETCATALOG_COMPILER_APPICON_NAME = AppIcon;
				ASSETCATALOG_COMPILER_GLOBAL_ACCENT_COLOR_NAME = AccentColor;
				CODE_SIGN_STYLE = Automatic;
				DEVELOPMENT_TEAM = Z5CM3J2T89;
				INFOPLIST_FILE = youtubeIOS/Info.plist;
				LD_RUNPATH_SEARCH_PATHS = (
					"$(inherited)",
					"@executable_path/Frameworks",
				);
				PRODUCT_BUNDLE_IDENTIFIER = com.niab.youtubeIOS;
				PRODUCT_NAME = "$(TARGET_NAME)";
				SWIFT_VERSION = 5.0;
				TARGETED_DEVICE_FAMILY = "1,2";
			};
			name = Release;
		};
/* End XCBuildConfiguration section */

/* Begin XCConfigurationList section */
		8C2CC4A226356CF500A67369 /* Build configuration list for PBXProject "youtubeIOS" */ = {
			isa = XCConfigurationList;
			buildConfigurations = (
				8C2CC4B926356CF600A67369 /* Debug */,
				8C2CC4BA26356CF600A67369 /* Release */,
			);
			defaultConfigurationIsVisible = 0;
			defaultConfigurationName = Release;
		};
		8C2CC4BB26356CF600A67369 /* Build configuration list for PBXNativeTarget "youtubeIOS" */ = {
			isa = XCConfigurationList;
			buildConfigurations = (
				8C2CC4BC26356CF600A67369 /* Debug */,
				8C2CC4BD26356CF600A67369 /* Release */,
			);
			defaultConfigurationIsVisible = 0;
			defaultConfigurationName = Release;
		};
/* End XCConfigurationList section */
	};
	rootObject = 8C2CC49F26356CF500A67369 /* Project object */;
}
